
Microsoft Visual Studio Solution File, Format Version 12.00
# Visual Studio Version 17
VisualStudioVersion = 17.14.37111.16 d17.14
MinimumVisualStudioVersion = 10.0.40219.1
Project("{FAE04EC0-301F-11D3-BF4B-00C04F79EFBC}") = "QLSinhVien", "QLSinhVien.csproj", "{C5AE4AEF-CDAE-40ED-9EB1-6E7103C306FA}"
EndProject
Global
	GlobalSection(SolutionConfigurationPlatforms) = preSolution
		Debug|Any CPU = Debug|Any CPU
		Release|Any CPU = Release|Any CPU
	EndGlobalSection
	GlobalSection(ProjectConfigurationPlatforms) = postSolution
		{C5AE4AEF-CDAE-40ED-9EB1-6E7103C306FA}.Debug|Any CPU.ActiveCfg = Debug|Any CPU
		{C5AE4AEF-CDAE-40ED-9EB1-6E7103C306FA}.Debug|Any CPU.Build.0 = Debug|Any CPU
		{C5AE4AEF-CDAE-40ED-9EB1-6E7103C306FA}.Release|Any CPU.ActiveCfg = Release|Any CPU
		{C5AE4AEF-CDAE-40ED-9EB1-6E7103C306FA}.Release|Any CPU.Build.0 = Release|Any CPU
	EndGlobalSection
	GlobalSection(SolutionProperties) = preSolution
		HideSolutionNode = FALSE
	EndGlobalSection
	GlobalSection(ExtensibilityGlobals) = postSolution
		SolutionGuid = {B8C697A4-EF7C-4D92-A3B8-93E4F7E37B14}
	EndGlobalSection
EndGlobal
